
Microsoft Visual Studio Solution File, Format Version 12.00
# Visual Studio Version 17
VisualStudioVersion = 17.7.34024.191
MinimumVisualStudioVersion = 10.0.40219.1
Project("{FAE04EC0-301F-11D3-BF4B-00C04F79EFBC}") = "MyFirstProgram", "MyFirstProgram.csproj", "{930486C7-7855-4E95-A440-62550D3281B8}"
EndProject
Global
	GlobalSection(SolutionConfigurationPlatforms) = preSolution
		Debug|Any CPU = Debug|Any CPU
		Release|Any CPU = Release|Any CPU
	EndGlobalSection
	GlobalSection(ProjectConfigurationPlatforms) = postSolution
		{930486C7-7855-4E95-A440-62550D3281B8}.Debug|Any CPU.ActiveCfg = Debug|Any CPU
		{930486C7-7855-4E95-A440-62550D3281B8}.Debug|Any CPU.Build.0 = Debug|Any CPU
		{930486C7-7855-4E95-A440-62550D3281B8}.Release|Any CPU.ActiveCfg = Release|Any CPU
		{930486C7-7855-4E95-A440-62550D3281B8}.Release|Any CPU.Build.0 = Release|Any CPU
	EndGlobalSection
	GlobalSection(SolutionProperties) = preSolution
		HideSolutionNode = FALSE
	EndGlobalSection
	GlobalSection(ExtensibilityGlobals) = postSolution
		SolutionGuid = {BB015ACC-79C8-4C59-9F90-ACAEE506507F}
	EndGlobalSection
EndGlobal
